
Microsoft Visual Studio Solution File, Format Version 12.00
# Visual Studio 2013
VisualStudioVersion = 12.0.31101.0
MinimumVisualStudioVersion = 10.0.40219.1
Project("{FAE04EC0-301F-11D3-BF4B-00C04F79EFBC}") = "Mooka.Core", "Mooka\Mooka.Core\Mooka.Core.csproj", "{FFC49B13-4097-4C52-AD7C-82E0841E0A3C}"
EndProject
Project("{FAE04EC0-301F-11D3-BF4B-00C04F79EFBC}") = "Mooka.iOS", "Mooka\Mooka.iOS\Mooka.iOS.csproj", "{730EA23A-DE3C-4119-8074-598C71500390}"
EndProject
Project("{FAE04EC0-301F-11D3-BF4B-00C04F79EFBC}") = "Mooka.Droid", "Mooka\Mooka.Droid\Mooka.Droid.csproj", "{39DC36D3-0E98-4A4A-8FEF-500DD6189240}"
EndProject
Project("{FAE04EC0-301F-11D3-BF4B-00C04F79EFBC}") = "Mooka.WinPhone", "Mooka\Mooka.WinPhone\Mooka.WinPhone.csproj", "{C77212DC-D1B7-4176-9634-11878F5BCB10}"
EndProject
Project("{FAE04EC0-301F-11D3-BF4B-00C04F79EFBC}") = "Mooka.Core.Business", "Mooka\Mooka.Core.Business\Mooka.Core.Business.csproj", "{67F9D3A8-F71E-4428-913F-C37AE82CDB24}"
EndProject
Project("{2150E333-8FDC-42A3-9474-1A3956D46DE8}") = ".nuget", ".nuget", "{D39F2D42-0CD4-4135-A001-07D9C3525478}"
	ProjectSection(SolutionItems) = preProject
		.nuget\NuGet.Config = .nuget\NuGet.Config
		.nuget\NuGet.exe = .nuget\NuGet.exe
		.nuget\NuGet.targets = .nuget\NuGet.targets
	EndProjectSection
EndProject
Global
	GlobalSection(SolutionConfigurationPlatforms) = preSolution
		Ad-Hoc|Any CPU = Ad-Hoc|Any CPU
		Ad-Hoc|ARM = Ad-Hoc|ARM
		Ad-Hoc|iPhone = Ad-Hoc|iPhone
		Ad-Hoc|iPhoneSimulator = Ad-Hoc|iPhoneSimulator
		Ad-Hoc|Mixed Platforms = Ad-Hoc|Mixed Platforms
		Ad-Hoc|x86 = Ad-Hoc|x86
		AppStore|Any CPU = AppStore|Any CPU
		AppStore|ARM = AppStore|ARM
		AppStore|iPhone = AppStore|iPhone
		AppStore|iPhoneSimulator = AppStore|iPhoneSimulator
		AppStore|Mixed Platforms = AppStore|Mixed Platforms
		AppStore|x86 = AppStore|x86
		Debug|Any CPU = Debug|Any CPU
		Debug|ARM = Debug|ARM
		Debug|iPhone = Debug|iPhone
		Debug|iPhoneSimulator = Debug|iPhoneSimulator
		Debug|Mixed Platforms = Debug|Mixed Platforms
		Debug|x86 = Debug|x86
		Release|Any CPU = Release|Any CPU
		Release|ARM = Release|ARM
		Release|iPhone = Release|iPhone
		Release|iPhoneSimulator = Release|iPhoneSimulator
		Release|Mixed Platforms = Release|Mixed Platforms
		Release|x86 = Release|x86
	EndGlobalSection
	GlobalSection(ProjectConfigurationPlatforms) = postSolution
		{FFC49B13-4097-4C52-AD7C-82E0841E0A3C}.Ad-Hoc|Any CPU.ActiveCfg = Release|Any CPU
		{FFC49B13-4097-4C52-AD7C-82E0841E0A3C}.Ad-Hoc|Any CPU.Build.0 = Release|Any CPU
		{FFC49B13-4097-4C52-AD7C-82E0841E0A3C}.Ad-Hoc|ARM.ActiveCfg = Release|Any CPU
		{FFC49B13-4097-4C52-AD7C-82E0841E0A3C}.Ad-Hoc|iPhone.ActiveCfg = Release|Any CPU
		{FFC49B13-4097-4C52-AD7C-82E0841E0A3C}.Ad-Hoc|iPhoneSimulator.ActiveCfg = Release|Any CPU
		{FFC49B13-4097-4C52-AD7C-82E0841E0A3C}.Ad-Hoc|Mixed Platforms.ActiveCfg = Release|Any CPU
		{FFC49B13-4097-4C52-AD7C-82E0841E0A3C}.Ad-Hoc|Mixed Platforms.Build.0 = Release|Any CPU
		{FFC49B13-4097-4C52-AD7C-82E0841E0A3C}.Ad-Hoc|x86.ActiveCfg = Release|Any CPU
		{FFC49B13-4097-4C52-AD7C-82E0841E0A3C}.AppStore|Any CPU.ActiveCfg = Release|Any CPU
		{FFC49B13-4097-4C52-AD7C-82E0841E0A3C}.AppStore|Any CPU.Build.0 = Release|Any CPU
		{FFC49B13-4097-4C52-AD7C-82E0841E0A3C}.AppStore|ARM.ActiveCfg = Release|Any CPU
		{FFC49B13-4097-4C52-AD7C-82E0841E0A3C}.AppStore|iPhone.ActiveCfg = Release|Any CPU
		{FFC49B13-4097-4C52-AD7C-82E0841E0A3C}.AppStore|iPhoneSimulator.ActiveCfg = Release|Any CPU
		{FFC49B13-4097-4C52-AD7C-82E0841E0A3C}.AppStore|Mixed Platforms.ActiveCfg = Release|Any CPU
		{FFC49B13-4097-4C52-AD7C-82E0841E0A3C}.AppStore|Mixed Platforms.Build.0 = Release|Any CPU
		{FFC49B13-4097-4C52-AD7C-82E0841E0A3C}.AppStore|x86.ActiveCfg = Release|Any CPU
		{FFC49B13-4097-4C52-AD7C-82E0841E0A3C}.Debug|Any CPU.ActiveCfg = Debug|Any CPU
		{FFC49B13-4097-4C52-AD7C-82E0841E0A3C}.Debug|Any CPU.Build.0 = Debug|Any CPU
		{FFC49B13-4097-4C52-AD7C-82E0841E0A3C}.Debug|ARM.ActiveCfg = Debug|Any CPU
		{FFC49B13-4097-4C52-AD7C-82E0841E0A3C}.Debug|iPhone.ActiveCfg = Debug|Any CPU
		{FFC49B13-4097-4C52-AD7C-82E0841E0A3C}.Debug|iPhoneSimulator.ActiveCfg = Debug|Any CPU
		{FFC49B13-4097-4C52-AD7C-82E0841E0A3C}.Debug|Mixed Platforms.ActiveCfg = Debug|Any CPU
		{FFC49B13-4097-4C52-AD7C-82E0841E0A3C}.Debug|Mixed Platforms.Build.0 = Debug|Any CPU
		{FFC49B13-4097-4C52-AD7C-82E0841E0A3C}.Debug|x86.ActiveCfg = Debug|Any CPU
		{FFC49B13-4097-4C52-AD7C-82E0841E0A3C}.Release|Any CPU.ActiveCfg = Release|Any CPU
		{FFC49B13-4097-4C52-AD7C-82E0841E0A3C}.Release|Any CPU.Build.0 = Release|Any CPU
		{FFC49B13-4097-4C52-AD7C-82E0841E0A3C}.Release|ARM.ActiveCfg = Release|Any CPU
		{FFC49B13-4097-4C52-AD7C-82E0841E0A3C}.Release|iPhone.ActiveCfg = Release|Any CPU
		{FFC49B13-4097-4C52-AD7C-82E0841E0A3C}.Release|iPhoneSimulator.ActiveCfg = Release|Any CPU
		{FFC49B13-4097-4C52-AD7C-82E0841E0A3C}.Release|Mixed Platforms.ActiveCfg = Release|Any CPU
		{FFC49B13-4097-4C52-AD7C-82E0841E0A3C}.Release|Mixed Platforms.Build.0 = Release|Any CPU
		{FFC49B13-4097-4C52-AD7C-82E0841E0A3C}.Release|x86.ActiveCfg = Release|Any CPU
		{730EA23A-DE3C-4119-8074-598C71500390}.Ad-Hoc|Any CPU.ActiveCfg = Ad-Hoc|iPhone
		{730EA23A-DE3C-4119-8074-598C71500390}.Ad-Hoc|ARM.ActiveCfg = Ad-Hoc|iPhone
		{730EA23A-DE3C-4119-8074-598C71500390}.Ad-Hoc|iPhone.ActiveCfg = Ad-Hoc|iPhone
		{730EA23A-DE3C-4119-8074-598C71500390}.Ad-Hoc|iPhone.Build.0 = Ad-Hoc|iPhone
		{730EA23A-DE3C-4119-8074-598C71500390}.Ad-Hoc|iPhoneSimulator.ActiveCfg = Ad-Hoc|iPhoneSimulator
		{730EA23A-DE3C-4119-8074-598C71500390}.Ad-Hoc|iPhoneSimulator.Build.0 = Ad-Hoc|iPhoneSimulator
		{730EA23A-DE3C-4119-8074-598C71500390}.Ad-Hoc|Mixed Platforms.ActiveCfg = Ad-Hoc|iPhone
		{730EA23A-DE3C-4119-8074-598C71500390}.Ad-Hoc|Mixed Platforms.Build.0 = Ad-Hoc|iPhone
		{730EA23A-DE3C-4119-8074-598C71500390}.Ad-Hoc|x86.ActiveCfg = Ad-Hoc|iPhone
		{730EA23A-DE3C-4119-8074-598C71500390}.AppStore|Any CPU.ActiveCfg = AppStore|iPhone
		{730EA23A-DE3C-4119-8074-598C71500390}.AppStore|ARM.ActiveCfg = AppStore|iPhone
		{730EA23A-DE3C-4119-8074-598C71500390}.AppStore|iPhone.ActiveCfg = AppStore|iPhone
		{730EA23A-DE3C-4119-8074-598C71500390}.AppStore|iPhone.Build.0 = AppStore|iPhone
		{730EA23A-DE3C-4119-8074-598C71500390}.AppStore|iPhoneSimulator.ActiveCfg = AppStore|iPhoneSimulator
		{730EA23A-DE3C-4119-8074-598C71500390}.AppStore|iPhoneSimulator.Build.0 = AppStore|iPhoneSimulator
		{730EA23A-DE3C-4119-8074-598C71500390}.AppStore|Mixed Platforms.ActiveCfg = AppStore|iPhone
		{730EA23A-DE3C-4119-8074-598C71500390}.AppStore|Mixed Platforms.Build.0 = AppStore|iPhone
		{730EA23A-DE3C-4119-8074-598C71500390}.AppStore|x86.ActiveCfg = AppStore|iPhone
		{730EA23A-DE3C-4119-8074-598C71500390}.Debug|Any CPU.ActiveCfg = Debug|iPhone
		{730EA23A-DE3C-4119-8074-598C71500390}.Debug|ARM.ActiveCfg = Debug|iPhone
		{730EA23A-DE3C-4119-8074-598C71500390}.Debug|iPhone.ActiveCfg = Debug|iPhone
		{730EA23A-DE3C-4119-8074-598C71500390}.Debug|iPhone.Build.0 = Debug|iPhone
		{730EA23A-DE3C-4119-8074-598C71500390}.Debug|iPhoneSimulator.ActiveCfg = Debug|iPhoneSimulator
		{730EA23A-DE3C-4119-8074-598C71500390}.Debug|iPhoneSimulator.Build.0 = Debug|iPhoneSimulator
		{730EA23A-DE3C-4119-8074-598C71500390}.Debug|Mixed Platforms.ActiveCfg = Debug|iPhone
		{730EA23A-DE3C-4119-8074-598C71500390}.Debug|Mixed Platforms.Build.0 = Debug|iPhone
		{730EA23A-DE3C-4119-8074-598C71500390}.Debug|x86.ActiveCfg = Debug|iPhone
		{730EA23A-DE3C-4119-8074-598C71500390}.Release|Any CPU.ActiveCfg = Release|iPhone
		{730EA23A-DE3C-4119-8074-598C71500390}.Release|ARM.ActiveCfg = Release|iPhone
		{730EA23A-DE3C-4119-8074-598C71500390}.Release|iPhone.ActiveCfg = Release|iPhone
		{730EA23A-DE3C-4119-8074-598C71500390}.Release|iPhone.Build.0 = Release|iPhone
		{730EA23A-DE3C-4119-8074-598C71500390}.Release|iPhoneSimulator.ActiveCfg = Release|iPhoneSimulator
		{730EA23A-DE3C-4119-8074-598C71500390}.Release|iPhoneSimulator.Build.0 = Release|iPhoneSimulator
		{730EA23A-DE3C-4119-8074-598C71500390}.Release|Mixed Platforms.ActiveCfg = Release|iPhone
		{730EA23A-DE3C-4119-8074-598C71500390}.Release|Mixed Platforms.Build.0 = Release|iPhone
		{730EA23A-DE3C-4119-8074-598C71500390}.Release|x86.ActiveCfg = Release|iPhone
		{39DC36D3-0E98-4A4A-8FEF-500DD6189240}.Ad-Hoc|Any CPU.ActiveCfg = Release|Any CPU
		{39DC36D3-0E98-4A4A-8FEF-500DD6189240}.Ad-Hoc|Any CPU.Build.0 = Release|Any CPU
		{39DC36D3-0E98-4A4A-8FEF-500DD6189240}.Ad-Hoc|Any CPU.Deploy.0 = Release|Any CPU
		{39DC36D3-0E98-4A4A-8FEF-500DD6189240}.Ad-Hoc|ARM.ActiveCfg = Release|Any CPU
		{39DC36D3-0E98-4A4A-8FEF-500DD6189240}.Ad-Hoc|iPhone.ActiveCfg = Release|Any CPU
		{39DC36D3-0E98-4A4A-8FEF-500DD6189240}.Ad-Hoc|iPhoneSimulator.ActiveCfg = Release|Any CPU
		{39DC36D3-0E98-4A4A-8FEF-500DD6189240}.Ad-Hoc|Mixed Platforms.ActiveCfg = Release|Any CPU
		{39DC36D3-0E98-4A4A-8FEF-500DD6189240}.Ad-Hoc|Mixed Platforms.Build.0 = Release|Any CPU
		{39DC36D3-0E98-4A4A-8FEF-500DD6189240}.Ad-Hoc|Mixed Platforms.Deploy.0 = Release|Any CPU
		{39DC36D3-0E98-4A4A-8FEF-500DD6189240}.Ad-Hoc|x86.ActiveCfg = Release|Any CPU
		{39DC36D3-0E98-4A4A-8FEF-500DD6189240}.AppStore|Any CPU.ActiveCfg = Release|Any CPU
		{39DC36D3-0E98-4A4A-8FEF-500DD6189240}.AppStore|Any CPU.Build.0 = Release|Any CPU
		{39DC36D3-0E98-4A4A-8FEF-500DD6189240}.AppStore|Any CPU.Deploy.0 = Release|Any CPU
		{39DC36D3-0E98-4A4A-8FEF-500DD6189240}.AppStore|ARM.ActiveCfg = Release|Any CPU
		{39DC36D3-0E98-4A4A-8FEF-500DD6189240}.AppStore|iPhone.ActiveCfg = Release|Any CPU
		{39DC36D3-0E98-4A4A-8FEF-500DD6189240}.AppStore|iPhoneSimulator.ActiveCfg = Release|Any CPU
		{39DC36D3-0E98-4A4A-8FEF-500DD6189240}.AppStore|Mixed Platforms.ActiveCfg = Release|Any CPU
		{39DC36D3-0E98-4A4A-8FEF-500DD6189240}.AppStore|Mixed Platforms.Build.0 = Release|Any CPU
		{39DC36D3-0E98-4A4A-8FEF-500DD6189240}.AppStore|Mixed Platforms.Deploy.0 = Release|Any CPU
		{39DC36D3-0E98-4A4A-8FEF-500DD6189240}.AppStore|x86.ActiveCfg = Release|Any CPU
		{39DC36D3-0E98-4A4A-8FEF-500DD6189240}.Debug|Any CPU.ActiveCfg = Debug|Any CPU
		{39DC36D3-0E98-4A4A-8FEF-500DD6189240}.Debug|Any CPU.Build.0 = Debug|Any CPU
		{39DC36D3-0E98-4A4A-8FEF-500DD6189240}.Debug|Any CPU.Deploy.0 = Debug|Any CPU
		{39DC36D3-0E98-4A4A-8FEF-500DD6189240}.Debug|ARM.ActiveCfg = Debug|Any CPU
		{39DC36D3-0E98-4A4A-8FEF-500DD6189240}.Debug|iPhone.ActiveCfg = Debug|Any CPU
		{39DC36D3-0E98-4A4A-8FEF-500DD6189240}.Debug|iPhoneSimulator.ActiveCfg = Debug|Any CPU
		{39DC36D3-0E98-4A4A-8FEF-500DD6189240}.Debug|Mixed Platforms.ActiveCfg = Debug|Any CPU
		{39DC36D3-0E98-4A4A-8FEF-500DD6189240}.Debug|Mixed Platforms.Build.0 = Debug|Any CPU
		{39DC36D3-0E98-4A4A-8FEF-500DD6189240}.Debug|Mixed Platforms.Deploy.0 = Debug|Any CPU
		{39DC36D3-0E98-4A4A-8FEF-500DD6189240}.Debug|x86.ActiveCfg = Debug|Any CPU
		{39DC36D3-0E98-4A4A-8FEF-500DD6189240}.Release|Any CPU.ActiveCfg = Release|Any CPU
		{39DC36D3-0E98-4A4A-8FEF-500DD6189240}.Release|Any CPU.Build.0 = Release|Any CPU
		{39DC36D3-0E98-4A4A-8FEF-500DD6189240}.Release|Any CPU.Deploy.0 = Release|Any CPU
		{39DC36D3-0E98-4A4A-8FEF-500DD6189240}.Release|ARM.ActiveCfg = Release|Any CPU
		{39DC36D3-0E98-4A4A-8FEF-500DD6189240}.Release|iPhone.ActiveCfg = Release|Any CPU
		{39DC36D3-0E98-4A4A-8FEF-500DD6189240}.Release|iPhoneSimulator.ActiveCfg = Release|Any CPU
		{39DC36D3-0E98-4A4A-8FEF-500DD6189240}.Release|Mixed Platforms.ActiveCfg = Release|Any CPU
		{39DC36D3-0E98-4A4A-8FEF-500DD6189240}.Release|Mixed Platforms.Build.0 = Release|Any CPU
		{39DC36D3-0E98-4A4A-8FEF-500DD6189240}.Release|Mixed Platforms.Deploy.0 = Release|Any CPU
		{39DC36D3-0E98-4A4A-8FEF-500DD6189240}.Release|x86.ActiveCfg = Release|Any CPU
		{C77212DC-D1B7-4176-9634-11878F5BCB10}.Ad-Hoc|Any CPU.ActiveCfg = Release|Any CPU
		{C77212DC-D1B7-4176-9634-11878F5BCB10}.Ad-Hoc|Any CPU.Build.0 = Release|Any CPU
		{C77212DC-D1B7-4176-9634-11878F5BCB10}.Ad-Hoc|Any CPU.Deploy.0 = Release|Any CPU
		{C77212DC-D1B7-4176-9634-11878F5BCB10}.Ad-Hoc|ARM.ActiveCfg = Release|ARM
		{C77212DC-D1B7-4176-9634-11878F5BCB10}.Ad-Hoc|ARM.Build.0 = Release|ARM
		{C77212DC-D1B7-4176-9634-11878F5BCB10}.Ad-Hoc|ARM.Deploy.0 = Release|ARM
		{C77212DC-D1B7-4176-9634-11878F5BCB10}.Ad-Hoc|iPhone.ActiveCfg = Release|Any CPU
		{C77212DC-D1B7-4176-9634-11878F5BCB10}.Ad-Hoc|iPhoneSimulator.ActiveCfg = Release|Any CPU
		{C77212DC-D1B7-4176-9634-11878F5BCB10}.Ad-Hoc|Mixed Platforms.ActiveCfg = Release|x86
		{C77212DC-D1B7-4176-9634-11878F5BCB10}.Ad-Hoc|Mixed Platforms.Build.0 = Release|x86
		{C77212DC-D1B7-4176-9634-11878F5BCB10}.Ad-Hoc|Mixed Platforms.Deploy.0 = Release|x86
		{C77212DC-D1B7-4176-9634-11878F5BCB10}.Ad-Hoc|x86.ActiveCfg = Release|x86
		{C77212DC-D1B7-4176-9634-11878F5BCB10}.Ad-Hoc|x86.Build.0 = Release|x86
		{C77212DC-D1B7-4176-9634-11878F5BCB10}.Ad-Hoc|x86.Deploy.0 = Release|x86
		{C77212DC-D1B7-4176-9634-11878F5BCB10}.AppStore|Any CPU.ActiveCfg = Release|Any CPU
		{C77212DC-D1B7-4176-9634-11878F5BCB10}.AppStore|Any CPU.Build.0 = Release|Any CPU
		{C77212DC-D1B7-4176-9634-11878F5BCB10}.AppStore|Any CPU.Deploy.0 = Release|Any CPU
		{C77212DC-D1B7-4176-9634-11878F5BCB10}.AppStore|ARM.ActiveCfg = Release|ARM
		{C77212DC-D1B7-4176-9634-11878F5BCB10}.AppStore|ARM.Build.0 = Release|ARM
		{C77212DC-D1B7-4176-9634-11878F5BCB10}.AppStore|ARM.Deploy.0 = Release|ARM
		{C77212DC-D1B7-4176-9634-11878F5BCB10}.AppStore|iPhone.ActiveCfg = Release|Any CPU
		{C77212DC-D1B7-4176-9634-11878F5BCB10}.AppStore|iPhoneSimulator.ActiveCfg = Release|Any CPU
		{C77212DC-D1B7-4176-9634-11878F5BCB10}.AppStore|Mixed Platforms.ActiveCfg = Release|x86
		{C77212DC-D1B7-4176-9634-11878F5BCB10}.AppStore|Mixed Platforms.Build.0 = Release|x86
		{C77212DC-D1B7-4176-9634-11878F5BCB10}.AppStore|Mixed Platforms.Deploy.0 = Release|x86
		{C77212DC-D1B7-4176-9634-11878F5BCB10}.AppStore|x86.ActiveCfg = Release|x86
		{C77212DC-D1B7-4176-9634-11878F5BCB10}.AppStore|x86.Build.0 = Release|x86
		{C77212DC-D1B7-4176-9634-11878F5BCB10}.AppStore|x86.Deploy.0 = Release|x86
		{C77212DC-D1B7-4176-9634-11878F5BCB10}.Debug|Any CPU.ActiveCfg = Debug|Any CPU
		{C77212DC-D1B7-4176-9634-11878F5BCB10}.Debug|Any CPU.Build.0 = Debug|Any CPU
		{C77212DC-D1B7-4176-9634-11878F5BCB10}.Debug|Any CPU.Deploy.0 = Debug|Any CPU
		{C77212DC-D1B7-4176-9634-11878F5BCB10}.Debug|ARM.ActiveCfg = Debug|ARM
		{C77212DC-D1B7-4176-9634-11878F5BCB10}.Debug|ARM.Build.0 = Debug|ARM
		{C77212DC-D1B7-4176-9634-11878F5BCB10}.Debug|ARM.Deploy.0 = Debug|ARM
		{C77212DC-D1B7-4176-9634-11878F5BCB10}.Debug|iPhone.ActiveCfg = Debug|Any CPU
		{C77212DC-D1B7-4176-9634-11878F5BCB10}.Debug|iPhoneSimulator.ActiveCfg = Debug|Any CPU
		{C77212DC-D1B7-4176-9634-11878F5BCB10}.Debug|Mixed Platforms.ActiveCfg = Debug|x86
		{C77212DC-D1B7-4176-9634-11878F5BCB10}.Debug|Mixed Platforms.Build.0 = Debug|x86
		{C77212DC-D1B7-4176-9634-11878F5BCB10}.Debug|Mixed Platforms.Deploy.0 = Debug|x86
		{C77212DC-D1B7-4176-9634-11878F5BCB10}.Debug|x86.ActiveCfg = Debug|x86
		{C77212DC-D1B7-4176-9634-11878F5BCB10}.Debug|x86.Build.0 = Debug|x86
		{C77212DC-D1B7-4176-9634-11878F5BCB10}.Debug|x86.Deploy.0 = Debug|x86
		{C77212DC-D1B7-4176-9634-11878F5BCB10}.Release|Any CPU.ActiveCfg = Release|Any CPU
		{C77212DC-D1B7-4176-9634-11878F5BCB10}.Release|Any CPU.Build.0 = Release|Any CPU
		{C77212DC-D1B7-4176-9634-11878F5BCB10}.Release|Any CPU.Deploy.0 = Release|Any CPU
		{C77212DC-D1B7-4176-9634-11878F5BCB10}.Release|ARM.ActiveCfg = Release|ARM
		{C77212DC-D1B7-4176-9634-11878F5BCB10}.Release|ARM.Build.0 = Release|ARM
		{C77212DC-D1B7-4176-9634-11878F5BCB10}.Release|ARM.Deploy.0 = Release|ARM
		{C77212DC-D1B7-4176-9634-11878F5BCB10}.Release|iPhone.ActiveCfg = Release|Any CPU
		{C77212DC-D1B7-4176-9634-11878F5BCB10}.Release|iPhoneSimulator.ActiveCfg = Release|Any CPU
		{C77212DC-D1B7-4176-9634-11878F5BCB10}.Release|Mixed Platforms.ActiveCfg = Release|x86
		{C77212DC-D1B7-4176-9634-11878F5BCB10}.Release|Mixed Platforms.Build.0 = Release|x86
		{C77212DC-D1B7-4176-9634-11878F5BCB10}.Release|Mixed Platforms.Deploy.0 = Release|x86
		{C77212DC-D1B7-4176-9634-11878F5BCB10}.Release|x86.ActiveCfg = Release|x86
		{C77212DC-D1B7-4176-9634-11878F5BCB10}.Release|x86.Build.0 = Release|x86
		{C77212DC-D1B7-4176-9634-11878F5BCB10}.Release|x86.Deploy.0 = Release|x86
		{67F9D3A8-F71E-4428-913F-C37AE82CDB24}.Ad-Hoc|Any CPU.ActiveCfg = Release|Any CPU
		{67F9D3A8-F71E-4428-913F-C37AE82CDB24}.Ad-Hoc|Any CPU.Build.0 = Release|Any CPU
		{67F9D3A8-F71E-4428-913F-C37AE82CDB24}.Ad-Hoc|ARM.ActiveCfg = Release|Any CPU
		{67F9D3A8-F71E-4428-913F-C37AE82CDB24}.Ad-Hoc|iPhone.ActiveCfg = Release|Any CPU
		{67F9D3A8-F71E-4428-913F-C37AE82CDB24}.Ad-Hoc|iPhoneSimulator.ActiveCfg = Release|Any CPU
		{67F9D3A8-F71E-4428-913F-C37AE82CDB24}.Ad-Hoc|Mixed Platforms.ActiveCfg = Release|Any CPU
		{67F9D3A8-F71E-4428-913F-C37AE82CDB24}.Ad-Hoc|Mixed Platforms.Build.0 = Release|Any CPU
		{67F9D3A8-F71E-4428-913F-C37AE82CDB24}.Ad-Hoc|x86.ActiveCfg = Release|Any CPU
		{67F9D3A8-F71E-4428-913F-C37AE82CDB24}.AppStore|Any CPU.ActiveCfg = Release|Any CPU
		{67F9D3A8-F71E-4428-913F-C37AE82CDB24}.AppStore|Any CPU.Build.0 = Release|Any CPU
		{67F9D3A8-F71E-4428-913F-C37AE82CDB24}.AppStore|ARM.ActiveCfg = Release|Any CPU
		{67F9D3A8-F71E-4428-913F-C37AE82CDB24}.AppStore|iPhone.ActiveCfg = Release|Any CPU
		{67F9D3A8-F71E-4428-913F-C37AE82CDB24}.AppStore|iPhoneSimulator.ActiveCfg = Release|Any CPU
		{67F9D3A8-F71E-4428-913F-C37AE82CDB24}.AppStore|Mixed Platforms.ActiveCfg = Release|Any CPU
		{67F9D3A8-F71E-4428-913F-C37AE82CDB24}.AppStore|Mixed Platforms.Build.0 = Release|Any CPU
		{67F9D3A8-F71E-4428-913F-C37AE82CDB24}.AppStore|x86.ActiveCfg = Release|Any CPU
		{67F9D3A8-F71E-4428-913F-C37AE82CDB24}.Debug|Any CPU.ActiveCfg = Debug|Any CPU
		{67F9D3A8-F71E-4428-913F-C37AE82CDB24}.Debug|Any CPU.Build.0 = Debug|Any CPU
		{67F9D3A8-F71E-4428-913F-C37AE82CDB24}.Debug|ARM.ActiveCfg = Debug|Any CPU
		{67F9D3A8-F71E-4428-913F-C37AE82CDB24}.Debug|iPhone.ActiveCfg = Debug|Any CPU
		{67F9D3A8-F71E-4428-913F-C37AE82CDB24}.Debug|iPhoneSimulator.ActiveCfg = Debug|Any CPU
		{67F9D3A8-F71E-4428-913F-C37AE82CDB24}.Debug|Mixed Platforms.ActiveCfg = Debug|Any CPU
		{67F9D3A8-F71E-4428-913F-C37AE82CDB24}.Debug|Mixed Platforms.Build.0 = Debug|Any CPU
		{67F9D3A8-F71E-4428-913F-C37AE82CDB24}.Debug|x86.ActiveCfg = Debug|Any CPU
		{67F9D3A8-F71E-4428-913F-C37AE82CDB24}.Release|Any CPU.ActiveCfg = Release|Any CPU
		{67F9D3A8-F71E-4428-913F-C37AE82CDB24}.Release|Any CPU.Build.0 = Release|Any CPU
		{67F9D3A8-F71E-4428-913F-C37AE82CDB24}.Release|ARM.ActiveCfg = Release|Any CPU
		{67F9D3A8-F71E-4428-913F-C37AE82CDB24}.Release|iPhone.ActiveCfg = Release|Any CPU
		{67F9D3A8-F71E-4428-913F-C37AE82CDB24}.Release|iPhoneSimulator.ActiveCfg = Release|Any CPU
		{67F9D3A8-F71E-4428-913F-C37AE82CDB24}.Release|Mixed Platforms.ActiveCfg = Release|Any CPU
		{67F9D3A8-F71E-4428-913F-C37AE82CDB24}.Release|Mixed Platforms.Build.0 = Release|Any CPU
		{67F9D3A8-F71E-4428-913F-C37AE82CDB24}.Release|x86.ActiveCfg = Release|Any CPU
	EndGlobalSection
	GlobalSection(SolutionProperties) = preSolution
		HideSolutionNode = FALSE
	EndGlobalSection
EndGlobal
